
Microsoft Visual Studio Solution File, Format Version 12.00
# Visual Studio Version 17
VisualStudioVersion = 17.8.34322.80
MinimumVisualStudioVersion = 10.0.40219.1
Project("{9A19103F-16F7-4668-BE54-9A1E7A4F7556}") = "WeatherService.API", "WeatherService.API\WeatherService.API.csproj", "{CD978BDA-7610-4736-B0AC-671C6BD9136D}"
EndProject
Project("{9A19103F-16F7-4668-BE54-9A1E7A4F7556}") = "WeatherService.Domain", "WeatherService.Domain\WeatherService.Domain.csproj", "{FEFEB14B-51A1-4E42-B9D1-A6E2938DB7BF}"
EndProject
Project("{9A19103F-16F7-4668-BE54-9A1E7A4F7556}") = "WeatherService.Infrastructure", "WeatherService.Infrastructure\WeatherService.Infrastructure.csproj", "{CBCDFB85-26E6-4126-9986-05EE34B50976}"
EndProject
Project("{9A19103F-16F7-4668-BE54-9A1E7A4F7556}") = "WeatherService.Application", "WeatherService.Application\WeatherService.Application.csproj", "{8A5091F4-1202-41C1-9AA0-B3CC43DE3C4D}"
EndProject
Project("{FAE04EC0-301F-11D3-BF4B-00C04F79EFBC}") = "WeatherService.Tests", "WeatherService.Tests\WeatherService.Tests.csproj", "{AD2E0517-2053-443A-ADF7-59246E60BFBC}"
EndProject
Global
	GlobalSection(SolutionConfigurationPlatforms) = preSolution
		Debug|Any CPU = Debug|Any CPU
		Release|Any CPU = Release|Any CPU
	EndGlobalSection
	GlobalSection(ProjectConfigurationPlatforms) = postSolution
		{CD978BDA-7610-4736-B0AC-671C6BD9136D}.Debug|Any CPU.ActiveCfg = Debug|Any CPU
		{CD978BDA-7610-4736-B0AC-671C6BD9136D}.Debug|Any CPU.Build.0 = Debug|Any CPU
		{CD978BDA-7610-4736-B0AC-671C6BD9136D}.Release|Any CPU.ActiveCfg = Release|Any CPU
		{CD978BDA-7610-4736-B0AC-671C6BD9136D}.Release|Any CPU.Build.0 = Release|Any CPU
		{FEFEB14B-51A1-4E42-B9D1-A6E2938DB7BF}.Debug|Any CPU.ActiveCfg = Debug|Any CPU
		{FEFEB14B-51A1-4E42-B9D1-A6E2938DB7BF}.Debug|Any CPU.Build.0 = Debug|Any CPU
		{FEFEB14B-51A1-4E42-B9D1-A6E2938DB7BF}.Release|Any CPU.ActiveCfg = Release|Any CPU
		{FEFEB14B-51A1-4E42-B9D1-A6E2938DB7BF}.Release|Any CPU.Build.0 = Release|Any CPU
		{CBCDFB85-26E6-4126-9986-05EE34B50976}.Debug|Any CPU.ActiveCfg = Debug|Any CPU
		{CBCDFB85-26E6-4126-9986-05EE34B50976}.Debug|Any CPU.Build.0 = Debug|Any CPU
		{CBCDFB85-26E6-4126-9986-05EE34B50976}.Release|Any CPU.ActiveCfg = Release|Any CPU
		{CBCDFB85-26E6-4126-9986-05EE34B50976}.Release|Any CPU.Build.0 = Release|Any CPU
		{8A5091F4-1202-41C1-9AA0-B3CC43DE3C4D}.Debug|Any CPU.ActiveCfg = Debug|Any CPU
		{8A5091F4-1202-41C1-9AA0-B3CC43DE3C4D}.Debug|Any CPU.Build.0 = Debug|Any CPU
		{8A5091F4-1202-41C1-9AA0-B3CC43DE3C4D}.Release|Any CPU.ActiveCfg = Release|Any CPU
		{8A5091F4-1202-41C1-9AA0-B3CC43DE3C4D}.Release|Any CPU.Build.0 = Release|Any CPU
		{AD2E0517-2053-443A-ADF7-59246E60BFBC}.Debug|Any CPU.ActiveCfg = Debug|Any CPU
		{AD2E0517-2053-443A-ADF7-59246E60BFBC}.Debug|Any CPU.Build.0 = Debug|Any CPU
		{AD2E0517-2053-443A-ADF7-59246E60BFBC}.Release|Any CPU.ActiveCfg = Release|Any CPU
		{AD2E0517-2053-443A-ADF7-59246E60BFBC}.Release|Any CPU.Build.0 = Release|Any CPU
	EndGlobalSection
	GlobalSection(SolutionProperties) = preSolution
		HideSolutionNode = FALSE
	EndGlobalSection
	GlobalSection(ExtensibilityGlobals) = postSolution
		SolutionGuid = {E8EFF582-B512-422F-AFFF-544E6ECFEB2B}
	EndGlobalSection
EndGlobal
